
Microsoft Visual Studio Solution File, Format Version 12.00
# Visual Studio Version 17
VisualStudioVersion = 17.7.34003.232
MinimumVisualStudioVersion = 10.0.40219.1
Project("{FAE04EC0-301F-11D3-BF4B-00C04F79EFBC}") = "SwapnilWebASP", "SwapnilWebASP\SwapnilWebASP.csproj", "{B906C72C-2B9D-436D-8D03-2429E74A872A}"
EndProject
Global
	GlobalSection(SolutionConfigurationPlatforms) = preSolution
		Debug|Any CPU = Debug|Any CPU
		Release|Any CPU = Release|Any CPU
	EndGlobalSection
	GlobalSection(ProjectConfigurationPlatforms) = postSolution
		{B906C72C-2B9D-436D-8D03-2429E74A872A}.Debug|Any CPU.ActiveCfg = Debug|Any CPU
		{B906C72C-2B9D-436D-8D03-2429E74A872A}.Debug|Any CPU.Build.0 = Debug|Any CPU
		{B906C72C-2B9D-436D-8D03-2429E74A872A}.Release|Any CPU.ActiveCfg = Release|Any CPU
		{B906C72C-2B9D-436D-8D03-2429E74A872A}.Release|Any CPU.Build.0 = Release|Any CPU
	EndGlobalSection
	GlobalSection(SolutionProperties) = preSolution
		HideSolutionNode = FALSE
	EndGlobalSection
	GlobalSection(ExtensibilityGlobals) = postSolution
		SolutionGuid = {FC606242-CA31-406B-83F1-F167CE34751F}
	EndGlobalSection
EndGlobal
